{
  "name": "apostrophe-localization",
  "version": "0.5.9",
  "lockfileVersion": 1,
  "dependencies": {
    "async": {
      "version": "0.8.0",
      "resolved": "http://registry.npmjs.org/async/-/async-0.8.0.tgz",
      "integrity": "sha1-7mXsdymML/FFa8RBigUtDwZDURI="
    },
    "deep-get-set": {
      "version": "0.1.1",
      "resolved": "http://registry.npmjs.org/deep-get-set/-/deep-get-set-0.1.1.tgz",
      "integrity": "sha1-ZeQ3OZHjZUaD2GhVQOJ+Ad7apGs="
    },
    "lodash": {
      "version": "2.4.2",
      "resolved": "http://registry.npmjs.org/lodash/-/lodash-2.4.2.tgz",
      "integrity": "sha1-+t2DS5aDBz2hebPq5tnA0VBT9z4="
    }
  }
}
